
Microsoft Visual Studio Solution File, Format Version 12.00
# Visual Studio Version 17
VisualStudioVersion = 17.5.33627.172
MinimumVisualStudioVersion = 10.0.40219.1
Project("{FAE04EC0-301F-11D3-BF4B-00C04F79EFBC}") = "21_TRPO_Math", "21_TRPO_Math\21_TRPO_Math.csproj", "{4666EA80-3D1E-4C28-A210-B16EA297B5C2}"
EndProject
Global
	GlobalSection(SolutionConfigurationPlatforms) = preSolution
		Debug|Any CPU = Debug|Any CPU
		Release|Any CPU = Release|Any CPU
	EndGlobalSection
	GlobalSection(ProjectConfigurationPlatforms) = postSolution
		{4666EA80-3D1E-4C28-A210-B16EA297B5C2}.Debug|Any CPU.ActiveCfg = Debug|Any CPU
		{4666EA80-3D1E-4C28-A210-B16EA297B5C2}.Debug|Any CPU.Build.0 = Debug|Any CPU
		{4666EA80-3D1E-4C28-A210-B16EA297B5C2}.Release|Any CPU.ActiveCfg = Release|Any CPU
		{4666EA80-3D1E-4C28-A210-B16EA297B5C2}.Release|Any CPU.Build.0 = Release|Any CPU
	EndGlobalSection
	GlobalSection(SolutionProperties) = preSolution
		HideSolutionNode = FALSE
	EndGlobalSection
	GlobalSection(ExtensibilityGlobals) = postSolution
		SolutionGuid = {03EA83B2-8419-4BF3-B0EB-ECF1920F6137}
	EndGlobalSection
EndGlobal
